// !$*UTF8*$!
{
	archiveVersion = 1;
	classes = {
	};
	objectVersion = 56;
	objects = {

/* Begin PBXBuildFile section */
		2808509E2CB0070E00880CE4 /* TimeMachineStatusHelper.app in Copy Helper */ = {isa = PBXBuildFile; fileRef = 28710D312CAFE3CE00033855 /* TimeMachineStatusHelper.app */; settings = {ATTRIBUTES = (RemoveHeadersOnCopy, ); }; };
		280AF0D32CAC4B2C000B389B /* PreferencesFileImporterViewModifier.swift in Sources */ = {isa = PBXBuildFile; fileRef = 280AF0D22CAC4B2C000B389B /* PreferencesFileImporterViewModifier.swift */; };
		280AF0D52CAD33A1000B389B /* VisualEffectBackgroundViewModifier.swift in Sources */ = {isa = PBXBuildFile; fileRef = 280AF0D42CAD33A1000B389B /* VisualEffectBackgroundViewModifier.swift */; };
		280AF0D72CAD33D4000B389B /* HideWindowControlsViewModifier.swift in Sources */ = {isa = PBXBuildFile; fileRef = 280AF0D62CAD33D4000B389B /* HideWindowControlsViewModifier.swift */; };
		280AF0DA2CAD3409000B389B /* InitializeView.swift in Sources */ = {isa = PBXBuildFile; fileRef = 280AF0D92CAD3409000B389B /* InitializeView.swift */; };
		2818224F2AFCF8500067E564 /* MenuView.swift in Sources */ = {isa = PBXBuildFile; fileRef = 2818224E2AFCF8500067E564 /* MenuView.swift */; };
		281822512AFCF8750067E564 /* DestinationCell.swift in Sources */ = {isa = PBXBuildFile; fileRef = 281822502AFCF8750067E564 /* DestinationCell.swift */; };
		281822532AFCF97C0067E564 /* FormatStyle+.swift in Sources */ = {isa = PBXBuildFile; fileRef = 281822522AFCF97C0067E564 /* FormatStyle+.swift */; };
		281822572AFCF9B20067E564 /* CustomButtonStyle.swift in Sources */ = {isa = PBXBuildFile; fileRef = 281822562AFCF9B20067E564 /* CustomButtonStyle.swift */; };
		281822592AFCFAE50067E564 /* AppDelegate.swift in Sources */ = {isa = PBXBuildFile; fileRef = 281822582AFCFAE50067E564 /* AppDelegate.swift */; };
		2818225B2AFD10200067E564 /* StatusBarItem.swift in Sources */ = {isa = PBXBuildFile; fileRef = 2818225A2AFD10200067E564 /* StatusBarItem.swift */; };
		2818225D2AFD3FB80067E564 /* FindingBackupVolume.swift in Sources */ = {isa = PBXBuildFile; fileRef = 2818225C2AFD3FB80067E564 /* FindingBackupVolume.swift */; };
		2818225F2AFD3FF20067E564 /* Stopping.swift in Sources */ = {isa = PBXBuildFile; fileRef = 2818225E2AFD3FF20067E564 /* Stopping.swift */; };
		281822622AFD40920067E564 /* Logging in Frameworks */ = {isa = PBXBuildFile; productRef = 281822612AFD40920067E564 /* Logging */; };
		281822652AFD438B0067E564 /* LoggingOSLog in Frameworks */ = {isa = PBXBuildFile; productRef = 281822642AFD438B0067E564 /* LoggingOSLog */; };
		281822672AFD86AC0067E564 /* Color+RawRepresentable.swift in Sources */ = {isa = PBXBuildFile; fileRef = 281822662AFD86AC0067E564 /* Color+RawRepresentable.swift */; };
		2818226A2AFD8E670067E564 /* _State.swift in Sources */ = {isa = PBXBuildFile; fileRef = 281822692AFD8E670067E564 /* _State.swift */; };
		2818226C2AFD8E9F0067E564 /* _BaseState.swift in Sources */ = {isa = PBXBuildFile; fileRef = 2818226B2AFD8E9F0067E564 /* _BaseState.swift */; };
		2818226E2AFD8EC30067E564 /* _InProgressState.swift in Sources */ = {isa = PBXBuildFile; fileRef = 2818226D2AFD8EC30067E564 /* _InProgressState.swift */; };
		2818227A2AFE292A0067E564 /* UserfacingError.swift in Sources */ = {isa = PBXBuildFile; fileRef = 281822792AFE292A0067E564 /* UserfacingError.swift */; };
		2818227C2AFE33CA0067E564 /* Constants.swift in Sources */ = {isa = PBXBuildFile; fileRef = 2818227B2AFE33CA0067E564 /* Constants.swift */; };
		2818227E2AFE36780067E564 /* Bundle+.swift in Sources */ = {isa = PBXBuildFile; fileRef = 2818227D2AFE36780067E564 /* Bundle+.swift */; };
		281C819E2CBC887D00CDFED6 /* HiddenViewModifier+.swift in Sources */ = {isa = PBXBuildFile; fileRef = 281C819D2CBC887D00CDFED6 /* HiddenViewModifier+.swift */; };
		28263F912B023D4E00F74655 /* HelperAppDelegate.swift in Sources */ = {isa = PBXBuildFile; fileRef = 28263F902B023D4E00F74655 /* HelperAppDelegate.swift */; };
		28263FA32B023FFE00F74655 /* ServiceManagement.framework in Frameworks */ = {isa = PBXBuildFile; fileRef = 28263FA22B023FFE00F74655 /* ServiceManagement.framework */; };
		28710D2F2CAF16AF00033855 /* Timer+Sendable.swift in Sources */ = {isa = PBXBuildFile; fileRef = 28710D2E2CAF16AF00033855 /* Timer+Sendable.swift */; };
		28710D342CAFE7BB00033855 /* SFSafeSymbols in Frameworks */ = {isa = PBXBuildFile; productRef = 28710D332CAFE7BB00033855 /* SFSafeSymbols */; };
		2885D6652B024D0B00C260DB /* main.swift in Sources */ = {isa = PBXBuildFile; fileRef = 2885D6642B024D0B00C260DB /* main.swift */; };
		2888D17C2C99B3E80081FBBB /* KeyedDecodingContainer+.swift in Sources */ = {isa = PBXBuildFile; fileRef = 2888D17B2C99B3E80081FBBB /* KeyedDecodingContainer+.swift */; };
		288F12FB2B011A9300678FAD /* Localizable.xcstrings in Resources */ = {isa = PBXBuildFile; fileRef = 288F12FA2B011A9300678FAD /* Localizable.xcstrings */; };
		28A0021B2AFBBFC300E2A01E /* TimeMachineStatusApp.swift in Sources */ = {isa = PBXBuildFile; fileRef = 28A0021A2AFBBFC300E2A01E /* TimeMachineStatusApp.swift */; };
		28A0021D2AFBBFC300E2A01E /* SettingsView.swift in Sources */ = {isa = PBXBuildFile; fileRef = 28A0021C2AFBBFC300E2A01E /* SettingsView.swift */; };
		28A0021F2AFBBFC400E2A01E /* Assets.xcassets in Resources */ = {isa = PBXBuildFile; fileRef = 28A0021E2AFBBFC400E2A01E /* Assets.xcassets */; };
		28A002222AFBBFC400E2A01E /* Preview Assets.xcassets in Resources */ = {isa = PBXBuildFile; fileRef = 28A002212AFBBFC400E2A01E /* Preview Assets.xcassets */; };
		28A0024A2AFBC91500E2A01E /* ShellOut in Frameworks */ = {isa = PBXBuildFile; productRef = 28A002492AFBC91500E2A01E /* ShellOut */; };
		28A0024D2AFC02DA00E2A01E /* Bool+.swift in Sources */ = {isa = PBXBuildFile; fileRef = 28A0024C2AFC02DA00E2A01E /* Bool+.swift */; };
		28A002522AFC03A200E2A01E /* TMUtility.swift in Sources */ = {isa = PBXBuildFile; fileRef = 28A002512AFC03A200E2A01E /* TMUtility.swift */; };
		28A002552AFC03E300E2A01E /* BackupState.swift in Sources */ = {isa = PBXBuildFile; fileRef = 28A002542AFC03E300E2A01E /* BackupState.swift */; };
		28A002582AFC042200E2A01E /* BackupStateError.swift in Sources */ = {isa = PBXBuildFile; fileRef = 28A002572AFC042200E2A01E /* BackupStateError.swift */; };
		28A0025C2AFC04B300E2A01E /* Idle.swift in Sources */ = {isa = PBXBuildFile; fileRef = 28A0025B2AFC04B300E2A01E /* Idle.swift */; };
		28A0025E2AFC04D300E2A01E /* Mounting.swift in Sources */ = {isa = PBXBuildFile; fileRef = 28A0025D2AFC04D300E2A01E /* Mounting.swift */; };
		28A002602AFC050200E2A01E /* Preparing.swift in Sources */ = {isa = PBXBuildFile; fileRef = 28A0025F2AFC050200E2A01E /* Preparing.swift */; };
		28A002622AFC052B00E2A01E /* FindingChanges.swift in Sources */ = {isa = PBXBuildFile; fileRef = 28A002612AFC052B00E2A01E /* FindingChanges.swift */; };
		28A002642AFC055000E2A01E /* Thinning.swift in Sources */ = {isa = PBXBuildFile; fileRef = 28A002632AFC055000E2A01E /* Thinning.swift */; };
		28A002662AFC056600E2A01E /* Copying.swift in Sources */ = {isa = PBXBuildFile; fileRef = 28A002652AFC056600E2A01E /* Copying.swift */; };
		28A0026C2AFC0CC700E2A01E /* Preferences.swift in Sources */ = {isa = PBXBuildFile; fileRef = 28A0026B2AFC0CC700E2A01E /* Preferences.swift */; };
		28A0026E2AFC312000E2A01E /* Finishing.swift in Sources */ = {isa = PBXBuildFile; fileRef = 28A0026D2AFC312000E2A01E /* Finishing.swift */; };
		28A002702AFC342100E2A01E /* Starting.swift in Sources */ = {isa = PBXBuildFile; fileRef = 28A0026F2AFC342100E2A01E /* Starting.swift */; };
		28F2D4402B02560400B75998 /* LaunchItemProvider.swift in Sources */ = {isa = PBXBuildFile; fileRef = 28F2D43F2B02560400B75998 /* LaunchItemProvider.swift */; };
		28F2D4412B0257E700B75998 /* Constants.swift in Sources */ = {isa = PBXBuildFile; fileRef = 2818227B2AFE33CA0067E564 /* Constants.swift */; };
		28F2D4452B02F2F300B75998 /* Sparkle in Frameworks */ = {isa = PBXBuildFile; productRef = 28F2D4442B02F2F300B75998 /* Sparkle */; };
		28F2D4472B02F62400B75998 /* UpdaterViewModel.swift in Sources */ = {isa = PBXBuildFile; fileRef = 28F2D4462B02F62400B75998 /* UpdaterViewModel.swift */; };
		28F7A65E2CBE5323000158D5 /* Unknown.swift in Sources */ = {isa = PBXBuildFile; fileRef = 28F7A65D2CBE5323000158D5 /* Unknown.swift */; };
		28FAD5A72AFE3DBF00F642E7 /* CardViewModifier.swift in Sources */ = {isa = PBXBuildFile; fileRef = 28FAD5A62AFE3DBF00F642E7 /* CardViewModifier.swift */; };
		28FAD5A92AFE9BCB00F642E7 /* DestinationInfoView.swift in Sources */ = {isa = PBXBuildFile; fileRef = 28FAD5A82AFE9BCB00F642E7 /* DestinationInfoView.swift */; };
		28FAD5AB2AFE9BF300F642E7 /* CustomLabeledContentStyle.swift in Sources */ = {isa = PBXBuildFile; fileRef = 28FAD5AA2AFE9BF300F642E7 /* CustomLabeledContentStyle.swift */; };
		28FAD5AD2AFF0D7200F642E7 /* ExpandableSection.swift in Sources */ = {isa = PBXBuildFile; fileRef = 28FAD5AC2AFF0D7200F642E7 /* ExpandableSection.swift */; };
		28FAD5AF2AFF0D9600F642E7 /* UserfacingErrorView.swift in Sources */ = {isa = PBXBuildFile; fileRef = 28FAD5AE2AFF0D9600F642E7 /* UserfacingErrorView.swift */; };
/* End PBXBuildFile section */

/* Begin PBXCopyFilesBuildPhase section */
		28263F9F2B023FB500F74655 /* Copy Helper */ = {
			isa = PBXCopyFilesBuildPhase;
			buildActionMask = 2147483647;
			dstPath = Contents/Library/LoginItems;
			dstSubfolderSpec = 1;
			files = (
				2808509E2CB0070E00880CE4 /* TimeMachineStatusHelper.app in Copy Helper */,
			);
			name = "Copy Helper";
			runOnlyForDeploymentPostprocessing = 0;
		};
/* End PBXCopyFilesBuildPhase section */

/* Begin PBXFileReference section */
		280AF0D22CAC4B2C000B389B /* PreferencesFileImporterViewModifier.swift */ = {isa = PBXFileReference; lastKnownFileType = sourcecode.swift; path = PreferencesFileImporterViewModifier.swift; sourceTree = "<group>"; };
		280AF0D42CAD33A1000B389B /* VisualEffectBackgroundViewModifier.swift */ = {isa = PBXFileReference; lastKnownFileType = sourcecode.swift; path = VisualEffectBackgroundViewModifier.swift; sourceTree = "<group>"; };
		280AF0D62CAD33D4000B389B /* HideWindowControlsViewModifier.swift */ = {isa = PBXFileReference; lastKnownFileType = sourcecode.swift; path = HideWindowControlsViewModifier.swift; sourceTree = "<group>"; };
		280AF0D92CAD3409000B389B /* InitializeView.swift */ = {isa = PBXFileReference; lastKnownFileType = sourcecode.swift; path = InitializeView.swift; sourceTree = "<group>"; };
		2818224E2AFCF8500067E564 /* MenuView.swift */ = {isa = PBXFileReference; lastKnownFileType = sourcecode.swift; path = MenuView.swift; sourceTree = "<group>"; };
		281822502AFCF8750067E564 /* DestinationCell.swift */ = {isa = PBXFileReference; lastKnownFileType = sourcecode.swift; path = DestinationCell.swift; sourceTree = "<group>"; };
		281822522AFCF97C0067E564 /* FormatStyle+.swift */ = {isa = PBXFileReference; lastKnownFileType = sourcecode.swift; path = "FormatStyle+.swift"; sourceTree = "<group>"; };
		281822562AFCF9B20067E564 /* CustomButtonStyle.swift */ = {isa = PBXFileReference; lastKnownFileType = sourcecode.swift; path = CustomButtonStyle.swift; sourceTree = "<group>"; };
		281822582AFCFAE50067E564 /* AppDelegate.swift */ = {isa = PBXFileReference; lastKnownFileType = sourcecode.swift; path = AppDelegate.swift; sourceTree = "<group>"; };
		2818225A2AFD10200067E564 /* StatusBarItem.swift */ = {isa = PBXFileReference; lastKnownFileType = sourcecode.swift; path = StatusBarItem.swift; sourceTree = "<group>"; };
		2818225C2AFD3FB80067E564 /* FindingBackupVolume.swift */ = {isa = PBXFileReference; lastKnownFileType = sourcecode.swift; path = FindingBackupVolume.swift; sourceTree = "<group>"; };
		2818225E2AFD3FF20067E564 /* Stopping.swift */ = {isa = PBXFileReference; lastKnownFileType = sourcecode.swift; path = Stopping.swift; sourceTree = "<group>"; };
		281822662AFD86AC0067E564 /* Color+RawRepresentable.swift */ = {isa = PBXFileReference; lastKnownFileType = sourcecode.swift; path = "Color+RawRepresentable.swift"; sourceTree = "<group>"; };
		281822692AFD8E670067E564 /* _State.swift */ = {isa = PBXFileReference; lastKnownFileType = sourcecode.swift; path = _State.swift; sourceTree = "<group>"; };
		2818226B2AFD8E9F0067E564 /* _BaseState.swift */ = {isa = PBXFileReference; lastKnownFileType = sourcecode.swift; path = _BaseState.swift; sourceTree = "<group>"; };
		2818226D2AFD8EC30067E564 /* _InProgressState.swift */ = {isa = PBXFileReference; lastKnownFileType = sourcecode.swift; path = _InProgressState.swift; sourceTree = "<group>"; };
		2818226F2AFDB0920067E564 /* README.md */ = {isa = PBXFileReference; lastKnownFileType = net.daringfireball.markdown; path = README.md; sourceTree = "<group>"; };
		281822702AFDB5AF0067E564 /* LICENSE.md */ = {isa = PBXFileReference; lastKnownFileType = net.daringfireball.markdown; path = LICENSE.md; sourceTree = "<group>"; };
		281822792AFE292A0067E564 /* UserfacingError.swift */ = {isa = PBXFileReference; lastKnownFileType = sourcecode.swift; path = UserfacingError.swift; sourceTree = "<group>"; };
		2818227B2AFE33CA0067E564 /* Constants.swift */ = {isa = PBXFileReference; lastKnownFileType = sourcecode.swift; path = Constants.swift; sourceTree = "<group>"; };
		2818227D2AFE36780067E564 /* Bundle+.swift */ = {isa = PBXFileReference; lastKnownFileType = sourcecode.swift; path = "Bundle+.swift"; sourceTree = "<group>"; };
		281C819D2CBC887D00CDFED6 /* HiddenViewModifier+.swift */ = {isa = PBXFileReference; lastKnownFileType = sourcecode.swift; path = "HiddenViewModifier+.swift"; sourceTree = "<group>"; };
		28263F902B023D4E00F74655 /* HelperAppDelegate.swift */ = {isa = PBXFileReference; lastKnownFileType = sourcecode.swift; path = HelperAppDelegate.swift; sourceTree = "<group>"; };
		28263FA22B023FFE00F74655 /* ServiceManagement.framework */ = {isa = PBXFileReference; lastKnownFileType = wrapper.framework; name = ServiceManagement.framework; path = System/Library/Frameworks/ServiceManagement.framework; sourceTree = SDKROOT; };
		28263FA42B0241E200F74655 /* TimeMachineStatusHelper.entitlements */ = {isa = PBXFileReference; fileEncoding = 4; lastKnownFileType = text.plist.entitlements; path = TimeMachineStatusHelper.entitlements; sourceTree = "<group>"; };
		28710D2E2CAF16AF00033855 /* Timer+Sendable.swift */ = {isa = PBXFileReference; lastKnownFileType = sourcecode.swift; path = "Timer+Sendable.swift"; sourceTree = "<group>"; };
		28710D302CAFE3CE00033855 /* TimeMachineStatus.app */ = {isa = PBXFileReference; explicitFileType = wrapper.application; includeInIndex = 0; path = TimeMachineStatus.app; sourceTree = BUILT_PRODUCTS_DIR; };
		28710D312CAFE3CE00033855 /* TimeMachineStatusHelper.app */ = {isa = PBXFileReference; explicitFileType = wrapper.application; includeInIndex = 0; path = TimeMachineStatusHelper.app; sourceTree = BUILT_PRODUCTS_DIR; };
		2885D6642B024D0B00C260DB /* main.swift */ = {isa = PBXFileReference; lastKnownFileType = sourcecode.swift; path = main.swift; sourceTree = "<group>"; };
		2888D17B2C99B3E80081FBBB /* KeyedDecodingContainer+.swift */ = {isa = PBXFileReference; lastKnownFileType = sourcecode.swift; path = "KeyedDecodingContainer+.swift"; sourceTree = "<group>"; };
		288F12FA2B011A9300678FAD /* Localizable.xcstrings */ = {isa = PBXFileReference; lastKnownFileType = text.json.xcstrings; path = Localizable.xcstrings; sourceTree = "<group>"; };
		28A0021A2AFBBFC300E2A01E /* TimeMachineStatusApp.swift */ = {isa = PBXFileReference; lastKnownFileType = sourcecode.swift; path = TimeMachineStatusApp.swift; sourceTree = "<group>"; };
		28A0021C2AFBBFC300E2A01E /* SettingsView.swift */ = {isa = PBXFileReference; lastKnownFileType = sourcecode.swift; path = SettingsView.swift; sourceTree = "<group>"; };
		28A0021E2AFBBFC400E2A01E /* Assets.xcassets */ = {isa = PBXFileReference; lastKnownFileType = folder.assetcatalog; path = Assets.xcassets; sourceTree = "<group>"; };
		28A002212AFBBFC400E2A01E /* Preview Assets.xcassets */ = {isa = PBXFileReference; lastKnownFileType = folder.assetcatalog; path = "Preview Assets.xcassets"; sourceTree = "<group>"; };
		28A002232AFBBFC400E2A01E /* TimeMachineStatus.entitlements */ = {isa = PBXFileReference; lastKnownFileType = text.plist.entitlements; path = TimeMachineStatus.entitlements; sourceTree = "<group>"; };
		28A0024C2AFC02DA00E2A01E /* Bool+.swift */ = {isa = PBXFileReference; lastKnownFileType = sourcecode.swift; path = "Bool+.swift"; sourceTree = "<group>"; };
		28A002512AFC03A200E2A01E /* TMUtility.swift */ = {isa = PBXFileReference; lastKnownFileType = sourcecode.swift; path = TMUtility.swift; sourceTree = "<group>"; };
		28A002542AFC03E300E2A01E /* BackupState.swift */ = {isa = PBXFileReference; lastKnownFileType = sourcecode.swift; path = BackupState.swift; sourceTree = "<group>"; };
		28A002572AFC042200E2A01E /* BackupStateError.swift */ = {isa = PBXFileReference; lastKnownFileType = sourcecode.swift; path = BackupStateError.swift; sourceTree = "<group>"; };
		28A0025B2AFC04B300E2A01E /* Idle.swift */ = {isa = PBXFileReference; lastKnownFileType = sourcecode.swift; path = Idle.swift; sourceTree = "<group>"; };
		28A0025D2AFC04D300E2A01E /* Mounting.swift */ = {isa = PBXFileReference; lastKnownFileType = sourcecode.swift; path = Mounting.swift; sourceTree = "<group>"; };
		28A0025F2AFC050200E2A01E /* Preparing.swift */ = {isa = PBXFileReference; lastKnownFileType = sourcecode.swift; path = Preparing.swift; sourceTree = "<group>"; };
		28A002612AFC052B00E2A01E /* FindingChanges.swift */ = {isa = PBXFileReference; lastKnownFileType = sourcecode.swift; path = FindingChanges.swift; sourceTree = "<group>"; };
		28A002632AFC055000E2A01E /* Thinning.swift */ = {isa = PBXFileReference; lastKnownFileType = sourcecode.swift; path = Thinning.swift; sourceTree = "<group>"; };
		28A002652AFC056600E2A01E /* Copying.swift */ = {isa = PBXFileReference; lastKnownFileType = sourcecode.swift; path = Copying.swift; sourceTree = "<group>"; };
		28A0026B2AFC0CC700E2A01E /* Preferences.swift */ = {isa = PBXFileReference; lastKnownFileType = sourcecode.swift; path = Preferences.swift; sourceTree = "<group>"; };
		28A0026D2AFC312000E2A01E /* Finishing.swift */ = {isa = PBXFileReference; lastKnownFileType = sourcecode.swift; path = Finishing.swift; sourceTree = "<group>"; };
		28A0026F2AFC342100E2A01E /* Starting.swift */ = {isa = PBXFileReference; lastKnownFileType = sourcecode.swift; path = Starting.swift; sourceTree = "<group>"; };
		28F2D43F2B02560400B75998 /* LaunchItemProvider.swift */ = {isa = PBXFileReference; lastKnownFileType = sourcecode.swift; path = LaunchItemProvider.swift; sourceTree = "<group>"; };
		28F2D4462B02F62400B75998 /* UpdaterViewModel.swift */ = {isa = PBXFileReference; lastKnownFileType = sourcecode.swift; path = UpdaterViewModel.swift; sourceTree = "<group>"; };
		28F2D4482B03000900B75998 /* Info.plist */ = {isa = PBXFileReference; lastKnownFileType = text.plist; path = Info.plist; sourceTree = "<group>"; };
		28F7A65D2CBE5323000158D5 /* Unknown.swift */ = {isa = PBXFileReference; lastKnownFileType = sourcecode.swift; path = Unknown.swift; sourceTree = "<group>"; };
		28FAD5A62AFE3DBF00F642E7 /* CardViewModifier.swift */ = {isa = PBXFileReference; lastKnownFileType = sourcecode.swift; path = CardViewModifier.swift; sourceTree = "<group>"; };
		28FAD5A82AFE9BCB00F642E7 /* DestinationInfoView.swift */ = {isa = PBXFileReference; lastKnownFileType = sourcecode.swift; path = DestinationInfoView.swift; sourceTree = "<group>"; };
		28FAD5AA2AFE9BF300F642E7 /* CustomLabeledContentStyle.swift */ = {isa = PBXFileReference; lastKnownFileType = sourcecode.swift; path = CustomLabeledContentStyle.swift; sourceTree = "<group>"; };
		28FAD5AC2AFF0D7200F642E7 /* ExpandableSection.swift */ = {isa = PBXFileReference; lastKnownFileType = sourcecode.swift; path = ExpandableSection.swift; sourceTree = "<group>"; };
		28FAD5AE2AFF0D9600F642E7 /* UserfacingErrorView.swift */ = {isa = PBXFileReference; lastKnownFileType = sourcecode.swift; path = UserfacingErrorView.swift; sourceTree = "<group>"; };
/* End PBXFileReference section */

/* Begin PBXFrameworksBuildPhase section */
		28263F8B2B023D4E00F74655 /* Frameworks */ = {
			isa = PBXFrameworksBuildPhase;
			buildActionMask = 2147483647;
			files = (
			);
			runOnlyForDeploymentPostprocessing = 0;
		};
		28A002142AFBBFC300E2A01E /* Frameworks */ = {
			isa = PBXFrameworksBuildPhase;
			buildActionMask = 2147483647;
			files = (
				28710D342CAFE7BB00033855 /* SFSafeSymbols in Frameworks */,
				28F2D4452B02F2F300B75998 /* Sparkle in Frameworks */,
				281822622AFD40920067E564 /* Logging in Frameworks */,
				28A0024A2AFBC91500E2A01E /* ShellOut in Frameworks */,
				28263FA32B023FFE00F74655 /* ServiceManagement.framework in Frameworks */,
				281822652AFD438B0067E564 /* LoggingOSLog in Frameworks */,
			);
			runOnlyForDeploymentPostprocessing = 0;
		};
/* End PBXFrameworksBuildPhase section */

/* Begin PBXGroup section */
		2818224D2AFCF83D0067E564 /* Views */ = {
			isa = PBXGroup;
			children = (
				2818224E2AFCF8500067E564 /* MenuView.swift */,
				281822502AFCF8750067E564 /* DestinationCell.swift */,
				28FAD5A82AFE9BCB00F642E7 /* DestinationInfoView.swift */,
				28A0021C2AFBBFC300E2A01E /* SettingsView.swift */,
				2818225A2AFD10200067E564 /* StatusBarItem.swift */,
				280AF0D92CAD3409000B389B /* InitializeView.swift */,
			);
			path = Views;
			sourceTree = "<group>";
		};
		281822542AFCF98E0067E564 /* Components */ = {
			isa = PBXGroup;
			children = (
				280AF0D22CAC4B2C000B389B /* PreferencesFileImporterViewModifier.swift */,
				280AF0D62CAD33D4000B389B /* HideWindowControlsViewModifier.swift */,
				280AF0D42CAD33A1000B389B /* VisualEffectBackgroundViewModifier.swift */,
				281822562AFCF9B20067E564 /* CustomButtonStyle.swift */,
				28FAD5AA2AFE9BF300F642E7 /* CustomLabeledContentStyle.swift */,
				28FAD5A62AFE3DBF00F642E7 /* CardViewModifier.swift */,
				28FAD5AC2AFF0D7200F642E7 /* ExpandableSection.swift */,
				28FAD5AE2AFF0D9600F642E7 /* UserfacingErrorView.swift */,
				281C819D2CBC887D00CDFED6 /* HiddenViewModifier+.swift */,
			);
			path = Components;
			sourceTree = "<group>";
		};
		281822682AFD8E5A0067E564 /* Internal */ = {
			isa = PBXGroup;
			children = (
				281822692AFD8E670067E564 /* _State.swift */,
				2818226B2AFD8E9F0067E564 /* _BaseState.swift */,
				2818226D2AFD8EC30067E564 /* _InProgressState.swift */,
			);
			path = Internal;
			sourceTree = "<group>";
		};
		28263F8F2B023D4E00F74655 /* TimeMachineStatusHelper */ = {
			isa = PBXGroup;
			children = (
				28263FA42B0241E200F74655 /* TimeMachineStatusHelper.entitlements */,
				28263F902B023D4E00F74655 /* HelperAppDelegate.swift */,
				2885D6642B024D0B00C260DB /* main.swift */,
			);
			path = TimeMachineStatusHelper;
			sourceTree = "<group>";
		};
		28263FA12B023FFE00F74655 /* Frameworks */ = {
			isa = PBXGroup;
			children = (
				28263FA22B023FFE00F74655 /* ServiceManagement.framework */,
			);
			name = Frameworks;
			sourceTree = "<group>";
		};
		28A0020E2AFBBFC300E2A01E = {
			isa = PBXGroup;
			children = (
				28F2D4422B02582300B75998 /* Shared */,
				281822702AFDB5AF0067E564 /* LICENSE.md */,
				2818226F2AFDB0920067E564 /* README.md */,
				28A002192AFBBFC300E2A01E /* TimeMachineStatus */,
				28263F8F2B023D4E00F74655 /* TimeMachineStatusHelper */,
				28A002182AFBBFC300E2A01E /* Products */,
				28263FA12B023FFE00F74655 /* Frameworks */,
			);
			sourceTree = "<group>";
		};
		28A002182AFBBFC300E2A01E /* Products */ = {
			isa = PBXGroup;
			children = (
				28710D302CAFE3CE00033855 /* TimeMachineStatus.app */,
				28710D312CAFE3CE00033855 /* TimeMachineStatusHelper.app */,
			);
			name = Products;
			sourceTree = "<group>";
		};
		28A002192AFBBFC300E2A01E /* TimeMachineStatus */ = {
			isa = PBXGroup;
			children = (
				28F2D4482B03000900B75998 /* Info.plist */,
				281822582AFCFAE50067E564 /* AppDelegate.swift */,
				28A0021A2AFBBFC300E2A01E /* TimeMachineStatusApp.swift */,
				2818224D2AFCF83D0067E564 /* Views */,
				281822542AFCF98E0067E564 /* Components */,
				28A002562AFC041700E2A01E /* Error */,
				28A002532AFC03D700E2A01E /* Model */,
				28A002502AFC039500E2A01E /* ViewModel */,
				28A0024B2AFC02C900E2A01E /* Extensions */,
				28A0021E2AFBBFC400E2A01E /* Assets.xcassets */,
				28A002232AFBBFC400E2A01E /* TimeMachineStatus.entitlements */,
				28A002202AFBBFC400E2A01E /* Preview Content */,
				288F12FA2B011A9300678FAD /* Localizable.xcstrings */,
			);
			path = TimeMachineStatus;
			sourceTree = "<group>";
		};
		28A002202AFBBFC400E2A01E /* Preview Content */ = {
			isa = PBXGroup;
			children = (
				28A002212AFBBFC400E2A01E /* Preview Assets.xcassets */,
			);
			path = "Preview Content";
			sourceTree = "<group>";
		};
		28A0024B2AFC02C900E2A01E /* Extensions */ = {
			isa = PBXGroup;
			children = (
				28A0024C2AFC02DA00E2A01E /* Bool+.swift */,
				2818227D2AFE36780067E564 /* Bundle+.swift */,
				281822522AFCF97C0067E564 /* FormatStyle+.swift */,
				281822662AFD86AC0067E564 /* Color+RawRepresentable.swift */,
				2888D17B2C99B3E80081FBBB /* KeyedDecodingContainer+.swift */,
				28710D2E2CAF16AF00033855 /* Timer+Sendable.swift */,
			);
			path = Extensions;
			sourceTree = "<group>";
		};
		28A002502AFC039500E2A01E /* ViewModel */ = {
			isa = PBXGroup;
			children = (
				28A002512AFC03A200E2A01E /* TMUtility.swift */,
				28F2D43F2B02560400B75998 /* LaunchItemProvider.swift */,
				28F2D4462B02F62400B75998 /* UpdaterViewModel.swift */,
			);
			path = ViewModel;
			sourceTree = "<group>";
		};
		28A002532AFC03D700E2A01E /* Model */ = {
			isa = PBXGroup;
			children = (
				28A0026A2AFC0CB300E2A01E /* Preferences */,
				28A002692AFC0CAB00E2A01E /* BackupState */,
			);
			path = Model;
			sourceTree = "<group>";
		};
		28A002562AFC041700E2A01E /* Error */ = {
			isa = PBXGroup;
			children = (
				28A002572AFC042200E2A01E /* BackupStateError.swift */,
				281822792AFE292A0067E564 /* UserfacingError.swift */,
			);
			path = Error;
			sourceTree = "<group>";
		};
		28A002692AFC0CAB00E2A01E /* BackupState */ = {
			isa = PBXGroup;
			children = (
				281822682AFD8E5A0067E564 /* Internal */,
				28A002542AFC03E300E2A01E /* BackupState.swift */,
				28A0025B2AFC04B300E2A01E /* Idle.swift */,
				28F7A65D2CBE5323000158D5 /* Unknown.swift */,
				2818225C2AFD3FB80067E564 /* FindingBackupVolume.swift */,
				28A0026F2AFC342100E2A01E /* Starting.swift */,
				28A0025D2AFC04D300E2A01E /* Mounting.swift */,
				28A0025F2AFC050200E2A01E /* Preparing.swift */,
				28A002612AFC052B00E2A01E /* FindingChanges.swift */,
				28A002652AFC056600E2A01E /* Copying.swift */,
				28A0026D2AFC312000E2A01E /* Finishing.swift */,
				2818225E2AFD3FF20067E564 /* Stopping.swift */,
				28A002632AFC055000E2A01E /* Thinning.swift */,
			);
			path = BackupState;
			sourceTree = "<group>";
		};
		28A0026A2AFC0CB300E2A01E /* Preferences */ = {
			isa = PBXGroup;
			children = (
				28A0026B2AFC0CC700E2A01E /* Preferences.swift */,
			);
			path = Preferences;
			sourceTree = "<group>";
		};
		28F2D4422B02582300B75998 /* Shared */ = {
			isa = PBXGroup;
			children = (
				2818227B2AFE33CA0067E564 /* Constants.swift */,
			);
			path = Shared;
			sourceTree = "<group>";
		};
/* End PBXGroup section */

/* Begin PBXNativeTarget section */
		28263F8D2B023D4E00F74655 /* TimeMachineStatusHelper */ = {
			isa = PBXNativeTarget;
			buildConfigurationList = 28263F9C2B023D5000F74655 /* Build configuration list for PBXNativeTarget "TimeMachineStatusHelper" */;
			buildPhases = (
				28263F8A2B023D4E00F74655 /* Sources */,
				28263F8B2B023D4E00F74655 /* Frameworks */,
				28263F8C2B023D4E00F74655 /* Resources */,
			);
			buildRules = (
			);
			dependencies = (
			);
			name = TimeMachineStatusHelper;
			productName = TimeMachineStatusHelper;
			productReference = 28710D312CAFE3CE00033855 /* TimeMachineStatusHelper.app */;
			productType = "com.apple.product-type.application";
		};
		28A002162AFBBFC300E2A01E /* TimeMachineStatus */ = {
			isa = PBXNativeTarget;
			buildConfigurationList = 28A0023C2AFBBFC400E2A01E /* Build configuration list for PBXNativeTarget "TimeMachineStatus" */;
			buildPhases = (
				28D66AC52B03677A00D41262 /* SwiftLint */,
				28A002132AFBBFC300E2A01E /* Sources */,
				28A002142AFBBFC300E2A01E /* Frameworks */,
				28A002152AFBBFC300E2A01E /* Resources */,
				28263F9F2B023FB500F74655 /* Copy Helper */,
			);
			buildRules = (
			);
			dependencies = (
			);
			name = TimeMachineStatus;
			packageProductDependencies = (
				28A002492AFBC91500E2A01E /* ShellOut */,
				281822612AFD40920067E564 /* Logging */,
				281822642AFD438B0067E564 /* LoggingOSLog */,
				28F2D4442B02F2F300B75998 /* Sparkle */,
				28710D332CAFE7BB00033855 /* SFSafeSymbols */,
			);
			productName = TimeMachineStatus;
			productReference = 28710D302CAFE3CE00033855 /* TimeMachineStatus.app */;
			productType = "com.apple.product-type.application";
		};
/* End PBXNativeTarget section */

/* Begin PBXProject section */
		28A0020F2AFBBFC300E2A01E /* Project object */ = {
			isa = PBXProject;
			attributes = {
				BuildIndependentTargetsInParallel = 1;
				LastSwiftUpdateCheck = 1500;
				LastUpgradeCheck = 1600;
				ORGANIZATIONNAME = "Lukas Pistrol";
				TargetAttributes = {
					28263F8D2B023D4E00F74655 = {
						CreatedOnToolsVersion = 15.0;
					};
					28A002162AFBBFC300E2A01E = {
						CreatedOnToolsVersion = 15.0;
					};
				};
			};
			buildConfigurationList = 28A002122AFBBFC300E2A01E /* Build configuration list for PBXProject "TimeMachineStatus" */;
			compatibilityVersion = "Xcode 14.0";
			developmentRegion = en;
			hasScannedForEncodings = 0;
			knownRegions = (
				en,
				de,
				it,
				Base,
			);
			mainGroup = 28A0020E2AFBBFC300E2A01E;
			packageReferences = (
				28A002482AFBC91500E2A01E /* XCRemoteSwiftPackageReference "ShellOut" */,
				281822602AFD40920067E564 /* XCRemoteSwiftPackageReference "swift-log" */,
				281822632AFD438B0067E564 /* XCRemoteSwiftPackageReference "swift-log-oslog" */,
				28F2D4432B02F2F300B75998 /* XCRemoteSwiftPackageReference "Sparkle" */,
				28710D322CAFE7BB00033855 /* XCRemoteSwiftPackageReference "SFSafeSymbols" */,
			);
			productRefGroup = 28A002182AFBBFC300E2A01E /* Products */;
			projectDirPath = "";
			projectRoot = "";
			targets = (
				28A002162AFBBFC300E2A01E /* TimeMachineStatus */,
				28263F8D2B023D4E00F74655 /* TimeMachineStatusHelper */,
			);
		};
/* End PBXProject section */

/* Begin PBXResourcesBuildPhase section */
		28263F8C2B023D4E00F74655 /* Resources */ = {
			isa = PBXResourcesBuildPhase;
			buildActionMask = 2147483647;
			files = (
			);
			runOnlyForDeploymentPostprocessing = 0;
		};
		28A002152AFBBFC300E2A01E /* Resources */ = {
			isa = PBXResourcesBuildPhase;
			buildActionMask = 2147483647;
			files = (
				28A002222AFBBFC400E2A01E /* Preview Assets.xcassets in Resources */,
				28A0021F2AFBBFC400E2A01E /* Assets.xcassets in Resources */,
				288F12FB2B011A9300678FAD /* Localizable.xcstrings in Resources */,
			);
			runOnlyForDeploymentPostprocessing = 0;
		};
/* End PBXResourcesBuildPhase section */

/* Begin PBXShellScriptBuildPhase section */
		28D66AC52B03677A00D41262 /* SwiftLint */ = {
			isa = PBXShellScriptBuildPhase;
			alwaysOutOfDate = 1;
			buildActionMask = 2147483647;
			files = (
			);
			inputFileListPaths = (
			);
			inputPaths = (
			);
			name = SwiftLint;
			outputFileListPaths = (
			);
			outputPaths = (
			);
			runOnlyForDeploymentPostprocessing = 0;
			shellPath = /bin/sh;
			shellScript = "# Type a script or drag a script file from your workspace to insert its path.\nif [[ \"$(uname -m)\" == arm64 ]]; then\n    export PATH=\"/opt/homebrew/bin:$PATH\"\nfi\n\nif [[ $CI ]]; then\n    echo \"Skipping SwiftLint (CI)\"\nelse\n    if which swiftlint > /dev/null; then\n        swiftlint\n    else\n        echo \"warning: SwiftLint not installed, download from https://github.com/realm/SwiftLint\"\n    fi\nfi\n";
		};
/* End PBXShellScriptBuildPhase section */

/* Begin PBXSourcesBuildPhase section */
		28263F8A2B023D4E00F74655 /* Sources */ = {
			isa = PBXSourcesBuildPhase;
			buildActionMask = 2147483647;
			files = (
				2885D6652B024D0B00C260DB /* main.swift in Sources */,
				28263F912B023D4E00F74655 /* HelperAppDelegate.swift in Sources */,
				28F2D4412B0257E700B75998 /* Constants.swift in Sources */,
			);
			runOnlyForDeploymentPostprocessing = 0;
		};
		28A002132AFBBFC300E2A01E /* Sources */ = {
			isa = PBXSourcesBuildPhase;
			buildActionMask = 2147483647;
			files = (
				28FAD5A72AFE3DBF00F642E7 /* CardViewModifier.swift in Sources */,
				28710D2F2CAF16AF00033855 /* Timer+Sendable.swift in Sources */,
				2818226E2AFD8EC30067E564 /* _InProgressState.swift in Sources */,
				28A0021D2AFBBFC300E2A01E /* SettingsView.swift in Sources */,
				28A0025C2AFC04B300E2A01E /* Idle.swift in Sources */,
				28A002522AFC03A200E2A01E /* TMUtility.swift in Sources */,
				280AF0D32CAC4B2C000B389B /* PreferencesFileImporterViewModifier.swift in Sources */,
				281822672AFD86AC0067E564 /* Color+RawRepresentable.swift in Sources */,
				2818224F2AFCF8500067E564 /* MenuView.swift in Sources */,
				28A002622AFC052B00E2A01E /* FindingChanges.swift in Sources */,
				2818226A2AFD8E670067E564 /* _State.swift in Sources */,
				280AF0D52CAD33A1000B389B /* VisualEffectBackgroundViewModifier.swift in Sources */,
				280AF0D72CAD33D4000B389B /* HideWindowControlsViewModifier.swift in Sources */,
				28A002602AFC050200E2A01E /* Preparing.swift in Sources */,
				2818227C2AFE33CA0067E564 /* Constants.swift in Sources */,
				2818225B2AFD10200067E564 /* StatusBarItem.swift in Sources */,
				281822532AFCF97C0067E564 /* FormatStyle+.swift in Sources */,
				28A002702AFC342100E2A01E /* Starting.swift in Sources */,
				2818227E2AFE36780067E564 /* Bundle+.swift in Sources */,
				28FAD5AD2AFF0D7200F642E7 /* ExpandableSection.swift in Sources */,
				2818225F2AFD3FF20067E564 /* Stopping.swift in Sources */,
				2888D17C2C99B3E80081FBBB /* KeyedDecodingContainer+.swift in Sources */,
				28A0025E2AFC04D300E2A01E /* Mounting.swift in Sources */,
				28FAD5AF2AFF0D9600F642E7 /* UserfacingErrorView.swift in Sources */,
				2818227A2AFE292A0067E564 /* UserfacingError.swift in Sources */,
				2818226C2AFD8E9F0067E564 /* _BaseState.swift in Sources */,
				28A0021B2AFBBFC300E2A01E /* TimeMachineStatusApp.swift in Sources */,
				28A002582AFC042200E2A01E /* BackupStateError.swift in Sources */,
				28A0024D2AFC02DA00E2A01E /* Bool+.swift in Sources */,
				280AF0DA2CAD3409000B389B /* InitializeView.swift in Sources */,
				28A002662AFC056600E2A01E /* Copying.swift in Sources */,
				28A002642AFC055000E2A01E /* Thinning.swift in Sources */,
				281822572AFCF9B20067E564 /* CustomButtonStyle.swift in Sources */,
				28FAD5AB2AFE9BF300F642E7 /* CustomLabeledContentStyle.swift in Sources */,
				28FAD5A92AFE9BCB00F642E7 /* DestinationInfoView.swift in Sources */,
				2818225D2AFD3FB80067E564 /* FindingBackupVolume.swift in Sources */,
				28F2D4402B02560400B75998 /* LaunchItemProvider.swift in Sources */,
				28F2D4472B02F62400B75998 /* UpdaterViewModel.swift in Sources */,
				28A0026E2AFC312000E2A01E /* Finishing.swift in Sources */,
				28A0026C2AFC0CC700E2A01E /* Preferences.swift in Sources */,
				28F7A65E2CBE5323000158D5 /* Unknown.swift in Sources */,
				281822512AFCF8750067E564 /* DestinationCell.swift in Sources */,
				281C819E2CBC887D00CDFED6 /* HiddenViewModifier+.swift in Sources */,
				28A002552AFC03E300E2A01E /* BackupState.swift in Sources */,
				281822592AFCFAE50067E564 /* AppDelegate.swift in Sources */,
			);
			runOnlyForDeploymentPostprocessing = 0;
		};
/* End PBXSourcesBuildPhase section */

/* Begin XCBuildConfiguration section */
		28263F9A2B023D5000F74655 /* Debug */ = {
			isa = XCBuildConfiguration;
			buildSettings = {
				ASSETCATALOG_COMPILER_GLOBAL_ACCENT_COLOR_NAME = AccentColor;
				CODE_SIGN_ENTITLEMENTS = TimeMachineStatusHelper/TimeMachineStatusHelper.entitlements;
				CODE_SIGN_STYLE = Automatic;
				COMBINE_HIDPI_IMAGES = YES;
				CURRENT_PROJECT_VERSION = 26;
				DEAD_CODE_STRIPPING = YES;
				DEVELOPMENT_TEAM = "";
				ENABLE_HARDENED_RUNTIME = NO;
				GENERATE_INFOPLIST_FILE = YES;
				INFOPLIST_KEY_LSApplicationCategoryType = "public.app-category.utilities";
				INFOPLIST_KEY_LSBackgroundOnly = YES;
				INFOPLIST_KEY_NSHumanReadableCopyright = "Copyright © 2023 Lukas Pistrol. All rights reserved.";
				INFOPLIST_KEY_NSMainStoryboardFile = "";
				INFOPLIST_KEY_NSPrincipalClass = NSApplication;
				LD_RUNPATH_SEARCH_PATHS = (
					"$(inherited)",
					"@executable_path/../Frameworks",
				);
				MARKETING_VERSION = 0.2.6;
				PRODUCT_BUNDLE_IDENTIFIER = com.lukaspistrol.TimeMachineStatusHelper;
				PRODUCT_NAME = "$(TARGET_NAME)";
				SKIP_INSTALL = YES;
				SWIFT_EMIT_LOC_STRINGS = YES;
				SWIFT_VERSION = 5.0;
			};
			name = Debug;
		};
		28263F9B2B023D5000F74655 /* Release */ = {
			isa = XCBuildConfiguration;
			buildSettings = {
				ASSETCATALOG_COMPILER_GLOBAL_ACCENT_COLOR_NAME = AccentColor;
				CODE_SIGN_ENTITLEMENTS = TimeMachineStatusHelper/TimeMachineStatusHelper.entitlements;
				CODE_SIGN_STYLE = Automatic;
				COMBINE_HIDPI_IMAGES = YES;
				CURRENT_PROJECT_VERSION = 26;
				DEAD_CODE_STRIPPING = YES;
				DEVELOPMENT_TEAM = "";
				ENABLE_HARDENED_RUNTIME = NO;
				GENERATE_INFOPLIST_FILE = YES;
				INFOPLIST_KEY_LSApplicationCategoryType = "public.app-category.utilities";
				INFOPLIST_KEY_LSBackgroundOnly = YES;
				INFOPLIST_KEY_NSHumanReadableCopyright = "Copyright © 2023 Lukas Pistrol. All rights reserved.";
				INFOPLIST_KEY_NSMainStoryboardFile = "";
				INFOPLIST_KEY_NSPrincipalClass = NSApplication;
				LD_RUNPATH_SEARCH_PATHS = (
					"$(inherited)",
					"@executable_path/../Frameworks",
				);
				MARKETING_VERSION = 0.2.6;
				PRODUCT_BUNDLE_IDENTIFIER = com.lukaspistrol.TimeMachineStatusHelper;
				PRODUCT_NAME = "$(TARGET_NAME)";
				SKIP_INSTALL = YES;
				SWIFT_EMIT_LOC_STRINGS = YES;
				SWIFT_VERSION = 5.0;
			};
			name = Release;
		};
		28A0023A2AFBBFC400E2A01E /* Debug */ = {
			isa = XCBuildConfiguration;
			buildSettings = {
				ALWAYS_SEARCH_USER_PATHS = NO;
				ASSETCATALOG_COMPILER_GENERATE_SWIFT_ASSET_SYMBOL_EXTENSIONS = YES;
				CLANG_ANALYZER_LOCALIZABILITY_NONLOCALIZED = YES;
				CLANG_ANALYZER_NONNULL = YES;
				CLANG_ANALYZER_NUMBER_OBJECT_CONVERSION = YES_AGGRESSIVE;
				CLANG_CXX_LANGUAGE_STANDARD = "gnu++20";
				CLANG_ENABLE_MODULES = YES;
				CLANG_ENABLE_OBJC_ARC = YES;
				CLANG_ENABLE_OBJC_WEAK = YES;
				CLANG_WARN_BLOCK_CAPTURE_AUTORELEASING = YES;
				CLANG_WARN_BOOL_CONVERSION = YES;
				CLANG_WARN_COMMA = YES;
				CLANG_WARN_CONSTANT_CONVERSION = YES;
				CLANG_WARN_DEPRECATED_OBJC_IMPLEMENTATIONS = YES;
				CLANG_WARN_DIRECT_OBJC_ISA_USAGE = YES_ERROR;
				CLANG_WARN_DOCUMENTATION_COMMENTS = YES;
				CLANG_WARN_EMPTY_BODY = YES;
				CLANG_WARN_ENUM_CONVERSION = YES;
				CLANG_WARN_INFINITE_RECURSION = YES;
				CLANG_WARN_INT_CONVERSION = YES;
				CLANG_WARN_NON_LITERAL_NULL_CONVERSION = YES;
				CLANG_WARN_OBJC_IMPLICIT_RETAIN_SELF = YES;
				CLANG_WARN_OBJC_LITERAL_CONVERSION = YES;
				CLANG_WARN_OBJC_ROOT_CLASS = YES_ERROR;
				CLANG_WARN_QUOTED_INCLUDE_IN_FRAMEWORK_HEADER = YES;
				CLANG_WARN_RANGE_LOOP_ANALYSIS = YES;
				CLANG_WARN_STRICT_PROTOTYPES = YES;
				CLANG_WARN_SUSPICIOUS_MOVE = YES;
				CLANG_WARN_UNGUARDED_AVAILABILITY = YES_AGGRESSIVE;
				CLANG_WARN_UNREACHABLE_CODE = YES;
				CLANG_WARN__DUPLICATE_METHOD_MATCH = YES;
				COPY_PHASE_STRIP = NO;
				DEAD_CODE_STRIPPING = YES;
				DEBUG_INFORMATION_FORMAT = dwarf;
				ENABLE_STRICT_OBJC_MSGSEND = YES;
				ENABLE_TESTABILITY = YES;
				ENABLE_USER_SCRIPT_SANDBOXING = YES;
				GCC_C_LANGUAGE_STANDARD = gnu17;
				GCC_DYNAMIC_NO_PIC = NO;
				GCC_NO_COMMON_BLOCKS = YES;
				GCC_OPTIMIZATION_LEVEL = 0;
				GCC_PREPROCESSOR_DEFINITIONS = (
					"DEBUG=1",
					"$(inherited)",
				);
				GCC_WARN_64_TO_32_BIT_CONVERSION = YES;
				GCC_WARN_ABOUT_RETURN_TYPE = YES_ERROR;
				GCC_WARN_UNDECLARED_SELECTOR = YES;
				GCC_WARN_UNINITIALIZED_AUTOS = YES_AGGRESSIVE;
				GCC_WARN_UNUSED_FUNCTION = YES;
				GCC_WARN_UNUSED_VARIABLE = YES;
				LOCALIZATION_PREFERS_STRING_CATALOGS = YES;
				MACOSX_DEPLOYMENT_TARGET = 14.0;
				MTL_ENABLE_DEBUG_INFO = INCLUDE_SOURCE;
				MTL_FAST_MATH = YES;
				ONLY_ACTIVE_ARCH = YES;
				SDKROOT = macosx;
				SWIFT_ACTIVE_COMPILATION_CONDITIONS = "DEBUG $(inherited)";
				SWIFT_OPTIMIZATION_LEVEL = "-Onone";
			};
			name = Debug;
		};
		28A0023B2AFBBFC400E2A01E /* Release */ = {
			isa = XCBuildConfiguration;
			buildSettings = {
				ALWAYS_SEARCH_USER_PATHS = NO;
				ASSETCATALOG_COMPILER_GENERATE_SWIFT_ASSET_SYMBOL_EXTENSIONS = YES;
				CLANG_ANALYZER_LOCALIZABILITY_NONLOCALIZED = YES;
				CLANG_ANALYZER_NONNULL = YES;
				CLANG_ANALYZER_NUMBER_OBJECT_CONVERSION = YES_AGGRESSIVE;
				CLANG_CXX_LANGUAGE_STANDARD = "gnu++20";
				CLANG_ENABLE_MODULES = YES;
				CLANG_ENABLE_OBJC_ARC = YES;
				CLANG_ENABLE_OBJC_WEAK = YES;
				CLANG_WARN_BLOCK_CAPTURE_AUTORELEASING = YES;
				CLANG_WARN_BOOL_CONVERSION = YES;
				CLANG_WARN_COMMA = YES;
				CLANG_WARN_CONSTANT_CONVERSION = YES;
				CLANG_WARN_DEPRECATED_OBJC_IMPLEMENTATIONS = YES;
				CLANG_WARN_DIRECT_OBJC_ISA_USAGE = YES_ERROR;
				CLANG_WARN_DOCUMENTATION_COMMENTS = YES;
				CLANG_WARN_EMPTY_BODY = YES;
				CLANG_WARN_ENUM_CONVERSION = YES;
				CLANG_WARN_INFINITE_RECURSION = YES;
				CLANG_WARN_INT_CONVERSION = YES;
				CLANG_WARN_NON_LITERAL_NULL_CONVERSION = YES;
				CLANG_WARN_OBJC_IMPLICIT_RETAIN_SELF = YES;
				CLANG_WARN_OBJC_LITERAL_CONVERSION = YES;
				CLANG_WARN_OBJC_ROOT_CLASS = YES_ERROR;
				CLANG_WARN_QUOTED_INCLUDE_IN_FRAMEWORK_HEADER = YES;
				CLANG_WARN_RANGE_LOOP_ANALYSIS = YES;
				CLANG_WARN_STRICT_PROTOTYPES = YES;
				CLANG_WARN_SUSPICIOUS_MOVE = YES;
				CLANG_WARN_UNGUARDED_AVAILABILITY = YES_AGGRESSIVE;
				CLANG_WARN_UNREACHABLE_CODE = YES;
				CLANG_WARN__DUPLICATE_METHOD_MATCH = YES;
				COPY_PHASE_STRIP = NO;
				DEAD_CODE_STRIPPING = YES;
				DEBUG_INFORMATION_FORMAT = "dwarf-with-dsym";
				ENABLE_NS_ASSERTIONS = NO;
				ENABLE_STRICT_OBJC_MSGSEND = YES;
				ENABLE_USER_SCRIPT_SANDBOXING = YES;
				GCC_C_LANGUAGE_STANDARD = gnu17;
				GCC_NO_COMMON_BLOCKS = YES;
				GCC_WARN_64_TO_32_BIT_CONVERSION = YES;
				GCC_WARN_ABOUT_RETURN_TYPE = YES_ERROR;
				GCC_WARN_UNDECLARED_SELECTOR = YES;
				GCC_WARN_UNINITIALIZED_AUTOS = YES_AGGRESSIVE;
				GCC_WARN_UNUSED_FUNCTION = YES;
				GCC_WARN_UNUSED_VARIABLE = YES;
				LOCALIZATION_PREFERS_STRING_CATALOGS = YES;
				MACOSX_DEPLOYMENT_TARGET = 14.0;
				MTL_ENABLE_DEBUG_INFO = NO;
				MTL_FAST_MATH = YES;
				SDKROOT = macosx;
				SWIFT_COMPILATION_MODE = wholemodule;
			};
			name = Release;
		};
		28A0023D2AFBBFC400E2A01E /* Debug */ = {
			isa = XCBuildConfiguration;
			buildSettings = {
				ASSETCATALOG_COMPILER_APPICON_NAME = AppIcon;
				ASSETCATALOG_COMPILER_GLOBAL_ACCENT_COLOR_NAME = AccentColor;
				CODE_SIGN_ENTITLEMENTS = TimeMachineStatus/TimeMachineStatus.entitlements;
				CODE_SIGN_STYLE = Automatic;
				COMBINE_HIDPI_IMAGES = YES;
				CURRENT_PROJECT_VERSION = 26;
				DEAD_CODE_STRIPPING = YES;
				DEVELOPMENT_ASSET_PATHS = "\"TimeMachineStatus/Preview Content\"";
				DEVELOPMENT_TEAM = "";
				ENABLE_HARDENED_RUNTIME = NO;
				ENABLE_PREVIEWS = YES;
				ENABLE_USER_SCRIPT_SANDBOXING = NO;
				GENERATE_INFOPLIST_FILE = YES;
				INFOPLIST_FILE = TimeMachineStatus/Info.plist;
				INFOPLIST_KEY_CFBundleDisplayName = TimeMachineStatus;
				INFOPLIST_KEY_LSApplicationCategoryType = "public.app-category.utilities";
				INFOPLIST_KEY_LSUIElement = YES;
				INFOPLIST_KEY_NSHumanReadableCopyright = "";
				INFOPLIST_PREPROCESS = NO;
				LD_RUNPATH_SEARCH_PATHS = (
					"$(inherited)",
					"@executable_path/../Frameworks",
				);
				MARKETING_VERSION = 0.2.6;
				PRODUCT_BUNDLE_IDENTIFIER = com.lukaspistrol.TimeMachineStatus;
				PRODUCT_NAME = "$(TARGET_NAME)";
				SWIFT_EMIT_LOC_STRINGS = YES;
				SWIFT_VERSION = 5.0;
				VERSIONING_SYSTEM = "apple-generic";
			};
			name = Debug;
		};
		28A0023E2AFBBFC400E2A01E /* Release */ = {
			isa = XCBuildConfiguration;
			buildSettings = {
				ASSETCATALOG_COMPILER_APPICON_NAME = AppIcon;
				ASSETCATALOG_COMPILER_GLOBAL_ACCENT_COLOR_NAME = AccentColor;
				CODE_SIGN_ENTITLEMENTS = TimeMachineStatus/TimeMachineStatus.entitlements;
				CODE_SIGN_STYLE = Automatic;
				COMBINE_HIDPI_IMAGES = YES;
				CURRENT_PROJECT_VERSION = 26;
				DEAD_CODE_STRIPPING = YES;
				DEVELOPMENT_ASSET_PATHS = "\"TimeMachineStatus/Preview Content\"";
				DEVELOPMENT_TEAM = "";
				ENABLE_HARDENED_RUNTIME = NO;
				ENABLE_PREVIEWS = YES;
				ENABLE_USER_SCRIPT_SANDBOXING = NO;
				GENERATE_INFOPLIST_FILE = YES;
				INFOPLIST_FILE = TimeMachineStatus/Info.plist;
				INFOPLIST_KEY_CFBundleDisplayName = TimeMachineStatus;
				INFOPLIST_KEY_LSApplicationCategoryType = "public.app-category.utilities";
				INFOPLIST_KEY_LSUIElement = YES;
				INFOPLIST_KEY_NSHumanReadableCopyright = "";
				INFOPLIST_PREPROCESS = NO;
				LD_RUNPATH_SEARCH_PATHS = (
					"$(inherited)",
					"@executable_path/../Frameworks",
				);
				MARKETING_VERSION = 0.2.6;
				PRODUCT_BUNDLE_IDENTIFIER = com.lukaspistrol.TimeMachineStatus;
				PRODUCT_NAME = "$(TARGET_NAME)";
				SWIFT_EMIT_LOC_STRINGS = YES;
				SWIFT_VERSION = 5.0;
				VERSIONING_SYSTEM = "apple-generic";
			};
			name = Release;
		};
/* End XCBuildConfiguration section */

/* Begin XCConfigurationList section */
		28263F9C2B023D5000F74655 /* Build configuration list for PBXNativeTarget "TimeMachineStatusHelper" */ = {
			isa = XCConfigurationList;
			buildConfigurations = (
				28263F9A2B023D5000F74655 /* Debug */,
				28263F9B2B023D5000F74655 /* Release */,
			);
			defaultConfigurationIsVisible = 0;
			defaultConfigurationName = Release;
		};
		28A002122AFBBFC300E2A01E /* Build configuration list for PBXProject "TimeMachineStatus" */ = {
			isa = XCConfigurationList;
			buildConfigurations = (
				28A0023A2AFBBFC400E2A01E /* Debug */,
				28A0023B2AFBBFC400E2A01E /* Release */,
			);
			defaultConfigurationIsVisible = 0;
			defaultConfigurationName = Release;
		};
		28A0023C2AFBBFC400E2A01E /* Build configuration list for PBXNativeTarget "TimeMachineStatus" */ = {
			isa = XCConfigurationList;
			buildConfigurations = (
				28A0023D2AFBBFC400E2A01E /* Debug */,
				28A0023E2AFBBFC400E2A01E /* Release */,
			);
			defaultConfigurationIsVisible = 0;
			defaultConfigurationName = Release;
		};
/* End XCConfigurationList section */

/* Begin XCRemoteSwiftPackageReference section */
		281822602AFD40920067E564 /* XCRemoteSwiftPackageReference "swift-log" */ = {
			isa = XCRemoteSwiftPackageReference;
			repositoryURL = "https://github.com/apple/swift-log";
			requirement = {
				kind = upToNextMajorVersion;
				minimumVersion = 1.6.2;
			};
		};
		281822632AFD438B0067E564 /* XCRemoteSwiftPackageReference "swift-log-oslog" */ = {
			isa = XCRemoteSwiftPackageReference;
			repositoryURL = "https://github.com/chrisaljoudi/swift-log-oslog";
			requirement = {
				kind = upToNextMajorVersion;
				minimumVersion = 0.2.2;
			};
		};
		28710D322CAFE7BB00033855 /* XCRemoteSwiftPackageReference "SFSafeSymbols" */ = {
			isa = XCRemoteSwiftPackageReference;
			repositoryURL = "https://github.com/SFSafeSymbols/SFSafeSymbols";
			requirement = {
				kind = upToNextMajorVersion;
				minimumVersion = 5.3.0;
			};
		};
		28A002482AFBC91500E2A01E /* XCRemoteSwiftPackageReference "ShellOut" */ = {
			isa = XCRemoteSwiftPackageReference;
			repositoryURL = "https://github.com/JohnSundell/ShellOut";
			requirement = {
				kind = upToNextMajorVersion;
				minimumVersion = 2.3.0;
			};
		};
		28F2D4432B02F2F300B75998 /* XCRemoteSwiftPackageReference "Sparkle" */ = {
			isa = XCRemoteSwiftPackageReference;
			repositoryURL = "https://github.com/sparkle-project/Sparkle";
			requirement = {
				kind = upToNextMajorVersion;
				minimumVersion = 2.6.4;
			};
		};
/* End XCRemoteSwiftPackageReference section */

/* Begin XCSwiftPackageProductDependency section */
		281822612AFD40920067E564 /* Logging */ = {
			isa = XCSwiftPackageProductDependency;
			package = 281822602AFD40920067E564 /* XCRemoteSwiftPackageReference "swift-log" */;
			productName = Logging;
		};
		281822642AFD438B0067E564 /* LoggingOSLog */ = {
			isa = XCSwiftPackageProductDependency;
			package = 281822632AFD438B0067E564 /* XCRemoteSwiftPackageReference "swift-log-oslog" */;
			productName = LoggingOSLog;
		};
		28710D332CAFE7BB00033855 /* SFSafeSymbols */ = {
			isa = XCSwiftPackageProductDependency;
			package = 28710D322CAFE7BB00033855 /* XCRemoteSwiftPackageReference "SFSafeSymbols" */;
			productName = SFSafeSymbols;
		};
		28A002492AFBC91500E2A01E /* ShellOut */ = {
			isa = XCSwiftPackageProductDependency;
			package = 28A002482AFBC91500E2A01E /* XCRemoteSwiftPackageReference "ShellOut" */;
			productName = ShellOut;
		};
		28F2D4442B02F2F300B75998 /* Sparkle */ = {
			isa = XCSwiftPackageProductDependency;
			package = 28F2D4432B02F2F300B75998 /* XCRemoteSwiftPackageReference "Sparkle" */;
			productName = Sparkle;
		};
/* End XCSwiftPackageProductDependency section */
	};
	rootObject = 28A0020F2AFBBFC300E2A01E /* Project object */;
}
